
Microsoft Visual Studio Solution File, Format Version 12.00
# Visual Studio 15
VisualStudioVersion = 15.0.28307.1267
MinimumVisualStudioVersion = 10.0.40219.1
Project("{2150E333-8FDC-42A3-9474-1A3956D46DE8}") = "Solution Items", "Solution Items", "{4C8C6CE9-EA33-4CE0-8502-016538A59CBE}"
	ProjectSection(SolutionItems) = preProject
		index.html = index.html
		main.js = main.js
	EndProjectSection
EndProject
Global
	GlobalSection(SolutionProperties) = preSolution
		HideSolutionNode = FALSE
	EndGlobalSection
	GlobalSection(ExtensibilityGlobals) = postSolution
		SolutionGuid = {6F69EFEB-67BE-4847-BC00-FB1D5296398C}
	EndGlobalSection
EndGlobal
